
Microsoft Visual Studio Solution File, Format Version 12.00
# Visual Studio Version 17
VisualStudioVersion = 17.3.32819.101
MinimumVisualStudioVersion = 10.0.40219.1
Project("{888888A0-9F3D-457C-B088-3A5042F75D52}") = "Kap 5 loopar uppgift 9.3", "Kap 5 loopar uppgift 9.3\Kap 5 loopar uppgift 9.3.pyproj", "{1BEF1C8F-AC75-49A8-B99D-C4AE8FA2FD7D}"
EndProject
Global
	GlobalSection(SolutionConfigurationPlatforms) = preSolution
		Debug|Any CPU = Debug|Any CPU
		Release|Any CPU = Release|Any CPU
	EndGlobalSection
	GlobalSection(ProjectConfigurationPlatforms) = postSolution
		{1BEF1C8F-AC75-49A8-B99D-C4AE8FA2FD7D}.Debug|Any CPU.ActiveCfg = Debug|Any CPU
		{1BEF1C8F-AC75-49A8-B99D-C4AE8FA2FD7D}.Release|Any CPU.ActiveCfg = Release|Any CPU
	EndGlobalSection
	GlobalSection(SolutionProperties) = preSolution
		HideSolutionNode = FALSE
	EndGlobalSection
	GlobalSection(ExtensibilityGlobals) = postSolution
		SolutionGuid = {B6BBBB88-19FA-47A8-9DD8-C7C351D37178}
	EndGlobalSection
EndGlobal
